
Microsoft Visual Studio Solution File, Format Version 12.00
# Visual Studio 15
VisualStudioVersion = 15.0.27428.2037
MinimumVisualStudioVersion = 10.0.40219.1
Project("{FAE04EC0-301F-11D3-BF4B-00C04F79EFBC}") = "DLLTest2", "DLLTest2\DLLTest2.csproj", "{A6A17A9D-9592-451E-8BC9-4C739828A993}"
EndProject
Global
	GlobalSection(SolutionConfigurationPlatforms) = preSolution
		Debug|Any CPU = Debug|Any CPU
		Release|Any CPU = Release|Any CPU
	EndGlobalSection
	GlobalSection(ProjectConfigurationPlatforms) = postSolution
		{A6A17A9D-9592-451E-8BC9-4C739828A993}.Debug|Any CPU.ActiveCfg = Debug|Any CPU
		{A6A17A9D-9592-451E-8BC9-4C739828A993}.Debug|Any CPU.Build.0 = Debug|Any CPU
		{A6A17A9D-9592-451E-8BC9-4C739828A993}.Release|Any CPU.ActiveCfg = Release|Any CPU
		{A6A17A9D-9592-451E-8BC9-4C739828A993}.Release|Any CPU.Build.0 = Release|Any CPU
	EndGlobalSection
	GlobalSection(SolutionProperties) = preSolution
		HideSolutionNode = FALSE
	EndGlobalSection
	GlobalSection(ExtensibilityGlobals) = postSolution
		SolutionGuid = {2BCBD29A-50C8-41B2-A167-E777041A13E9}
	EndGlobalSection
EndGlobal
